<?xml version="1.0" encoding="utf-8"?>
<Project ToolsVersion="4.0" xmlns="http://schemas.microsoft.com/developer/msbuild/2003">
  <ItemGroup>
    <ApplicationDefinition Include="App.xaml" />
  </ItemGroup>
  <ItemGroup>
    <Page Include="UI\Xaml\View\Window\MainWindow.xaml" />
    <Page Include="UI\Xaml\View\Page\MainView.xaml" />
    <Page Include="UI\Xaml\View\Control\SolutionExplorerControl.xaml" />
    <Page Include="UI\Xaml\View\Control\EditorDocumentControl.xaml" />
    <Page Include="Themes\Generic.xaml" />
  </ItemGroup>
  <ItemGroup>
    <ClCompile Include="pch.cpp" />
    <ClCompile Include="$(GeneratedFilesDir)module.g.cpp" />
    <ClCompile Include="App.xaml.cpp">
      <DependentUpon>App.xaml</DependentUpon>
    </ClCompile>
    <ClCompile Include="UI\Xaml\View\Window\MainWindow.xaml.cpp">
      <DependentUpon>UI\Xaml\View\Window\MainWindow.xaml</DependentUpon>
      <Filter>UI\Xaml\View\Window</Filter>
    </ClCompile>
    <ClCompile Include="UI\Xaml\View\Page\MainView.xaml.cpp">
      <DependentUpon>UI\Xaml\View\Page\MainView.xaml</DependentUpon>
      <Filter>UI\Xaml\View\Page</Filter>
    </ClCompile>
    <ClCompile Include="UI\Xaml\View\Control\SolutionExplorerControl.xaml.cpp">
      <DependentUpon>UI\Xaml\View\Control\SolutionExplorerControl.xaml</DependentUpon>
      <Filter>UI\Xaml\View\Control</Filter>
    </ClCompile>
    <ClCompile Include="UI\Xaml\View\Control\EditorDocumentControl.xaml.cpp">
      <DependentUpon>UI\Xaml\View\Control\EditorDocumentControl.xaml</DependentUpon>
      <Filter>UI\Xaml\View\Control</Filter>
    </ClCompile>
    <ClCompile Include="Tool\ToolKind.cpp">
      <Filter>Tool</Filter>
    </ClCompile>
    <ClCompile Include="Tool\ToolCommand.cpp">
      <Filter>Tool</Filter>
    </ClCompile>
    <ClCompile Include="Tool\ToolRegistry.cpp">
      <Filter>Tool</Filter>
    </ClCompile>
    <ClCompile Include="Integration\ClangdAdapter.cpp">
      <Filter>Integration</Filter>
    </ClCompile>
    <ClCompile Include="Integration\GitAdapter.cpp">
      <Filter>Integration</Filter>
    </ClCompile>
    <ClCompile Include="Integration\MSBuildAdapter.cpp">
      <Filter>Integration</Filter>
    </ClCompile>
    <ClCompile Include="Integration\VcpkgAdapter.cpp">
      <Filter>Integration</Filter>
    </ClCompile>
    <ClCompile Include="Integration\NuGetAdapter.cpp">
      <Filter>Integration</Filter>
    </ClCompile>
    <ClCompile Include="Integration\DebugAdapter.cpp">
      <Filter>Integration</Filter>
    </ClCompile>
    <ClCompile Include="Helpers\WindowHelper.cpp" />
    <ClCompile Include="ViewModels\MainViewModel.cpp" />
    <ClCompile Include="ViewModels\ObservableMixin.ixx" />
    <ClCompile Include="Core\AppSettingsDatabase.cpp" />
    <ClCompile Include="Core\AppSettingsDatabase.ixx" />
    <ClCompile Include="Core\IO\FileSystem.cpp" />
    <ClCompile Include="Core\IO\FileSystem.ixx" />
    <ClCompile Include="Core\AppEnvironment.cpp" />
    <ClCompile Include="IDE\Shell\ShellLayout.cpp">
      <Filter>IDE\Shell</Filter>
    </ClCompile>
    <ClCompile Include="IDE\Shell\DockingLayout.cpp">
      <Filter>IDE\Shell</Filter>
    </ClCompile>
    <ClCompile Include="IDE\Shell\ShellWorkspace.cpp">
      <Filter>IDE\Shell</Filter>
    </ClCompile>
    <ClCompile Include="EditorCore\TextModel\PieceTable.cpp">
      <Filter>EditorCore\TextModel</Filter>
    </ClCompile>
    <ClCompile Include="EditorCore\TextModel\TextBuffer.cpp">
      <Filter>EditorCore\TextModel</Filter>
    </ClCompile>
    <ClCompile Include="EditorCore\TextModel\TextSnapshot.cpp">
      <Filter>EditorCore\TextModel</Filter>
    </ClCompile>
    <ClCompile Include="EditorCore\Layout\LineLayoutEngine.cpp">
      <Filter>EditorCore\Layout</Filter>
    </ClCompile>
    <ClCompile Include="EditorCore\Layout\GlyphRunCache.cpp">
      <Filter>EditorCore\Layout</Filter>
    </ClCompile>
    <ClCompile Include="EditorCore\Viewport\ViewportController.cpp">
      <Filter>EditorCore\Viewport</Filter>
    </ClCompile>
    <ClCompile Include="EditorCore\Cursor\CursorManager.cpp">
      <Filter>EditorCore\Cursor</Filter>
    </ClCompile>
    <ClCompile Include="EditorCore\Editing\EditHistory.cpp">
      <Filter>EditorCore\Editing</Filter>
    </ClCompile>
    <ClCompile Include="EditorCore\LSP\JsonRpc.cpp">
      <Filter>EditorCore\LSP</Filter>
    </ClCompile>
    <ClCompile Include="EditorCore\LSP\LspClient.cpp">
      <Filter>EditorCore\LSP</Filter>
    </ClCompile>
    <ClCompile Include="EditorCore\Document\TextDocument.cpp">
      <Filter>EditorCore\Document</Filter>
    </ClCompile>
    <ClCompile Include="EditorCore\Document\DocumentManager.cpp">
      <Filter>EditorCore\Document</Filter>
    </ClCompile>
    <ClCompile Include="EditorCore\Rendering\EditorRenderer.cpp">
      <Filter>EditorCore\Rendering</Filter>
    </ClCompile>
    <ClCompile Include="EditorCore\EditorView\EditorControl.cpp">
      <Filter>EditorCore\EditorView</Filter>
    </ClCompile>
    <ClCompile Include="EditorCore\DAP\DapClient.cpp">
      <Filter>EditorCore\DAP</Filter>
    </ClCompile>
    <ClCompile Include="EditorCore\DAP\DapProtocol.cpp">
      <Filter>EditorCore\DAP</Filter>
    </ClCompile>
    <ClCompile Include="EditorCore\LSP\LspProtocol.cpp">
      <Filter>EditorCore\LSP</Filter>
    </ClCompile>
    <ClCompile Include="EditorCore\Protocol\JsonMessageSummary.cpp">
      <Filter>EditorCore\Protocol</Filter>
    </ClCompile>
    <ClCompile Include="EditorCore\Rendering\DirectWriteContext.cpp">
      <Filter>EditorCore\Rendering</Filter>
    </ClCompile>
    <ClCompile Include="IDE\Shell\FloatingWindowHost.cpp">
      <Filter>IDE\Shell</Filter>
    </ClCompile>
    <ClCompile Include="Tool\ProcessSession.cpp">
      <Filter>Tool</Filter>
    </ClCompile>
    <ClCompile Include="EditorCore\Search\SearchEngine.cpp">
      <Filter>EditorCore\Search</Filter>
    </ClCompile>
    <ClCompile Include="EditorCore\Input\EditorInputController.cpp">
      <Filter>EditorCore\Input</Filter>
    </ClCompile>
    <ClCompile Include="IDE\Runtime\IdeRuntimeState.cpp" />
    <ClCompile Include="Helpers\ColumnWidthHelper.ixx" />
    <ClCompile Include="Helpers\ControlLengthHelper.ixx" />
    <ClCompile Include="Helpers\ThemeHelper.cpp" />
    <ClCompile Include="Helpers\ThemeHelper.ixx" />
  </ItemGroup>
  <ItemGroup>
    <ClInclude Include="pch.h" />
    <ClInclude Include="App.xaml.h">
      <DependentUpon>App.xaml</DependentUpon>
    </ClInclude>
    <ClInclude Include="UI\Xaml\View\Window\MainWindow.xaml.h">
      <DependentUpon>UI\Xaml\View\Window\MainWindow.xaml</DependentUpon>
      <Filter>UI\Xaml\View\Window</Filter>
    </ClInclude>
    <ClInclude Include="UI\Xaml\View\Page\MainView.xaml.h">
      <DependentUpon>UI\Xaml\View\Page\MainView.xaml</DependentUpon>
      <Filter>UI\Xaml\View\Page</Filter>
    </ClInclude>
    <ClInclude Include="UI\Xaml\View\Control\SolutionExplorerControl.h">
      <DependentUpon>UI\Xaml\View\Control\SolutionExplorerControl.xaml</DependentUpon>
      <Filter>UI\Xaml\View\Control</Filter>
    </ClInclude>
    <ClInclude Include="UI\Xaml\View\Control\EditorDocumentControl.h">
      <DependentUpon>UI\Xaml\View\Control\EditorDocumentControl.xaml</DependentUpon>
      <Filter>UI\Xaml\View\Control</Filter>
    </ClInclude>
    <ClInclude Include="Tool\ToolKind.h">
      <Filter>Tool</Filter>
    </ClInclude>
    <ClInclude Include="Tool\ToolCommand.h">
      <Filter>Tool</Filter>
    </ClInclude>
    <ClInclude Include="Tool\ToolRegistry.h">
      <Filter>Tool</Filter>
    </ClInclude>
    <ClInclude Include="Integration\AdapterContracts.h">
      <Filter>Integration</Filter>
    </ClInclude>
    <ClInclude Include="Integration\ClangdAdapter.h">
      <Filter>Integration</Filter>
    </ClInclude>
    <ClInclude Include="Integration\GitAdapter.h">
      <Filter>Integration</Filter>
    </ClInclude>
    <ClInclude Include="Integration\MSBuildAdapter.h">
      <Filter>Integration</Filter>
    </ClInclude>
    <ClInclude Include="Integration\VcpkgAdapter.h">
      <Filter>Integration</Filter>
    </ClInclude>
    <ClInclude Include="Integration\NuGetAdapter.h">
      <Filter>Integration</Filter>
    </ClInclude>
    <ClInclude Include="Integration\DebugAdapter.h">
      <Filter>Integration</Filter>
    </ClInclude>
    <ClInclude Include="Helpers\WindowHelper.h" />
    <ClInclude Include="Core\AppEnvironment.h" />
    <ClInclude Include="IDE\Shell\ShellLayout.h">
      <Filter>IDE\Shell</Filter>
    </ClInclude>
    <ClInclude Include="IDE\Shell\DockingLayout.h">
      <Filter>IDE\Shell</Filter>
    </ClInclude>
    <ClInclude Include="IDE\Shell\ShellWorkspace.h">
      <Filter>IDE\Shell</Filter>
    </ClInclude>
    <ClInclude Include="EditorCore\TextModel\PieceTable.h">
      <Filter>EditorCore\TextModel</Filter>
    </ClInclude>
    <ClInclude Include="EditorCore\TextModel\TextBuffer.h">
      <Filter>EditorCore\TextModel</Filter>
    </ClInclude>
    <ClInclude Include="EditorCore\TextModel\TextSnapshot.h">
      <Filter>EditorCore\TextModel</Filter>
    </ClInclude>
    <ClInclude Include="EditorCore\Layout\TextLine.h">
      <Filter>EditorCore\Layout</Filter>
    </ClInclude>
    <ClInclude Include="EditorCore\Layout\LineLayoutEngine.h">
      <Filter>EditorCore\Layout</Filter>
    </ClInclude>
    <ClInclude Include="EditorCore\Layout\GlyphRunCache.h">
      <Filter>EditorCore\Layout</Filter>
    </ClInclude>
    <ClInclude Include="EditorCore\Viewport\VisibleRange.h">
      <Filter>EditorCore\Viewport</Filter>
    </ClInclude>
    <ClInclude Include="EditorCore\Viewport\ViewportController.h">
      <Filter>EditorCore\Viewport</Filter>
    </ClInclude>
    <ClInclude Include="EditorCore\Cursor\CursorManager.h">
      <Filter>EditorCore\Cursor</Filter>
    </ClInclude>
    <ClInclude Include="EditorCore\Editing\EditCommand.h">
      <Filter>EditorCore\Editing</Filter>
    </ClInclude>
    <ClInclude Include="EditorCore\Editing\EditHistory.h">
      <Filter>EditorCore\Editing</Filter>
    </ClInclude>
    <ClInclude Include="EditorCore\LSP\JsonRpc.h">
      <Filter>EditorCore\LSP</Filter>
    </ClInclude>
    <ClInclude Include="EditorCore\LSP\LspClient.h">
      <Filter>EditorCore\LSP</Filter>
    </ClInclude>
    <ClInclude Include="EditorCore\Document\TextDocument.h">
      <Filter>EditorCore\Document</Filter>
    </ClInclude>
    <ClInclude Include="EditorCore\Document\DocumentManager.h">
      <Filter>EditorCore\Document</Filter>
    </ClInclude>
    <ClInclude Include="EditorCore\Rendering\DirectWriteContext.h">
      <Filter>EditorCore\Rendering</Filter>
    </ClInclude>
    <ClInclude Include="EditorCore\Rendering\EditorRenderer.h">
      <Filter>EditorCore\Rendering</Filter>
    </ClInclude>
    <ClInclude Include="EditorCore\EditorView\EditorControl.h">
      <Filter>EditorCore\EditorView</Filter>
    </ClInclude>
    <ClInclude Include="EditorCore\DAP\DapClient.h">
      <Filter>EditorCore\DAP</Filter>
    </ClInclude>
    <ClInclude Include="EditorCore\DAP\DapProtocol.h">
      <Filter>EditorCore\DAP</Filter>
    </ClInclude>
    <ClInclude Include="EditorCore\LSP\LspProtocol.h">
      <Filter>EditorCore\LSP</Filter>
    </ClInclude>
    <ClInclude Include="EditorCore\Protocol\JsonMessageSummary.h">
      <Filter>EditorCore\Protocol</Filter>
    </ClInclude>
    <ClInclude Include="IDE\Shell\FloatingWindowHost.h">
      <Filter>IDE\Shell</Filter>
    </ClInclude>
    <ClInclude Include="Tool\ProcessSession.h">
      <Filter>Tool</Filter>
    </ClInclude>
    <ClInclude Include="EditorCore\Search\SearchEngine.h">
      <Filter>EditorCore\Search</Filter>
    </ClInclude>
    <ClInclude Include="EditorCore\Input\EditorInputController.h">
      <Filter>EditorCore\Input</Filter>
    </ClInclude>
    <ClInclude Include="IDE\Runtime\IdeRuntimeState.h" />
  </ItemGroup>
  <ItemGroup>
    <Image Include="Assets\Wide310x150Logo.scale-200.png">
      <Filter>Assets</Filter>
    </Image>
    <Image Include="Assets\StoreLogo.png">
      <Filter>Assets</Filter>
    </Image>
    <Image Include="Assets\Square150x150Logo.scale-200.png">
      <Filter>Assets</Filter>
    </Image>
    <Image Include="Assets\Square44x44Logo.targetsize-24_altform-unplated.png">
      <Filter>Assets</Filter>
    </Image>
    <Image Include="Assets\Square44x44Logo.scale-200.png">
      <Filter>Assets</Filter>
    </Image>
    <Image Include="Assets\SplashScreen.scale-200.png">
      <Filter>Assets</Filter>
    </Image>
    <Image Include="Assets\LockScreenLogo.scale-200.png">
      <Filter>Assets</Filter>
    </Image>
  </ItemGroup>
  <ItemGroup>
    <Filter Include="Assets">
      <UniqueIdentifier>{1e74df44-c57b-45bd-84d5-128f94d88a52}</UniqueIdentifier>
    </Filter>
    <Filter Include="UI">
      <UniqueIdentifier>{8c212749-1104-4f4d-bf20-4ecb83afc8cb}</UniqueIdentifier>
    </Filter>
    <Filter Include="UI\Xaml">
      <UniqueIdentifier>{72ef8af6-8211-454e-9b9c-9aa4f535d0c5}</UniqueIdentifier>
    </Filter>
    <Filter Include="UI\Xaml\View">
      <UniqueIdentifier>{0890a8b2-9afd-4f64-9140-7c892515b14f}</UniqueIdentifier>
    </Filter>
    <Filter Include="UI\Xaml\View\Window">
      <UniqueIdentifier>{f2a18ad9-6a68-47a2-b119-50c5bd7784ad}</UniqueIdentifier>
    </Filter>
    <Filter Include="UI\Xaml\View\Page">
      <UniqueIdentifier>{e5a531f9-b251-4747-a688-0418f17a6bf9}</UniqueIdentifier>
    </Filter>
    <Filter Include="UI\Xaml\View\Control">
      <UniqueIdentifier>{11e2228a-ccdd-47e1-91bb-0f78d01f2b56}</UniqueIdentifier>
    </Filter>
    <Filter Include="Tool">
      <UniqueIdentifier>{ce9c78cf-a02e-4308-9e75-c5cd80bde429}</UniqueIdentifier>
    </Filter>
    <Filter Include="Integration">
      <UniqueIdentifier>{d451a098-0ecd-4c81-96ca-85c093125c2d}</UniqueIdentifier>
    </Filter>
    <Filter Include="IDE">
      <UniqueIdentifier>{9ec9001b-43cc-49a2-b9f5-2c760f4ed078}</UniqueIdentifier>
    </Filter>
    <Filter Include="IDE\Shell">
      <UniqueIdentifier>{4fe58404-6bb8-49cf-9bc9-0b29ff5026b9}</UniqueIdentifier>
    </Filter>
    <Filter Include="EditorCore">
      <UniqueIdentifier>{d4c56e7c-4607-47ea-afb4-93dddf18b84f}</UniqueIdentifier>
    </Filter>
    <Filter Include="EditorCore\TextModel">
      <UniqueIdentifier>{396fc971-1797-427d-b432-d19c6d0f482d}</UniqueIdentifier>
    </Filter>
    <Filter Include="EditorCore\Layout">
      <UniqueIdentifier>{28c38012-f03b-4db9-965e-b717c69f6477}</UniqueIdentifier>
    </Filter>
    <Filter Include="EditorCore\Viewport">
      <UniqueIdentifier>{1e95fdfb-5621-4ec1-8784-5d2da163fda4}</UniqueIdentifier>
    </Filter>
    <Filter Include="EditorCore\Cursor">
      <UniqueIdentifier>{2d55d137-bc94-4702-ac55-c8ea19758a68}</UniqueIdentifier>
    </Filter>
    <Filter Include="EditorCore\Editing">
      <UniqueIdentifier>{184c6d2b-b54b-42c1-9757-455f41a4f8cd}</UniqueIdentifier>
    </Filter>
    <Filter Include="EditorCore\LSP">
      <UniqueIdentifier>{4ca1e7ed-babc-4d45-9593-6c366d06b7e9}</UniqueIdentifier>
    </Filter>
    <Filter Include="EditorCore\Document">
      <UniqueIdentifier>{d9fb2ccd-0457-457d-9ca9-51be9c3d117f}</UniqueIdentifier>
    </Filter>
    <Filter Include="EditorCore\Rendering">
      <UniqueIdentifier>{6e7cd984-41a4-4477-a411-016f076c7f72}</UniqueIdentifier>
    </Filter>
    <Filter Include="EditorCore\EditorView">
      <UniqueIdentifier>{77825cad-7717-4897-92f5-5c78dfe8f6c4}</UniqueIdentifier>
    </Filter>
    <Filter Include="EditorCore\Search">
      <UniqueIdentifier>{60cf0b6a-d2fd-46a7-85ee-0e9f7d35a6c8}</UniqueIdentifier>
    </Filter>
    <Filter Include="EditorCore\Input">
      <UniqueIdentifier>{88af7e28-232f-483f-a2e7-ee1c518927a3}</UniqueIdentifier>
    </Filter>
    <Filter Include="EditorCore\DAP">
      <UniqueIdentifier>{391e20c4-957e-459c-a34f-15d1030f0381}</UniqueIdentifier>
    </Filter>
    <Filter Include="EditorCore\Protocol">
      <UniqueIdentifier>{a34c9562-9940-4d38-b9e9-4d7014f359a4}</UniqueIdentifier>
    </Filter>
  </ItemGroup>
  <ItemGroup>
    <Text Include="readme.txt" />
  </ItemGroup>
  <ItemGroup>
    <Manifest Include="app.manifest" />
  </ItemGroup>
  <ItemGroup>
    <AppxManifest Include="Package.appxmanifest" />
  </ItemGroup>
  <ItemGroup>
    <Midl Include="UI\Xaml\View\Window\MainWindow.idl">
      <DependentUpon>UI\Xaml\View\Window\MainWindow.xaml</DependentUpon>
      <Filter>UI\Xaml\View\Window</Filter>
    </Midl>
    <Midl Include="UI\Xaml\View\Page\MainView.idl">
      <DependentUpon>UI\Xaml\View\Page\MainView.xaml</DependentUpon>
      <Filter>UI\Xaml\View\Page</Filter>
    </Midl>
    <Midl Include="UI\Xaml\View\Control\SolutionExplorerControl.idl">
      <DependentUpon>UI\Xaml\View\Control\SolutionExplorerControl.xaml</DependentUpon>
      <Filter>UI\Xaml\View\Control</Filter>
    </Midl>
    <Midl Include="UI\Xaml\View\Control\EditorDocumentControl.idl">
      <DependentUpon>UI\Xaml\View\Control\EditorDocumentControl.xaml</DependentUpon>
      <Filter>UI\Xaml\View\Control</Filter>
    </Midl>
  </ItemGroup>
  <ItemGroup>
    <Natvis Include="$(MSBuildThisFileDirectory)..\..\natvis\wil.natvis" />
    <Natvis Include="$(MSBuildThisFileDirectory)..\..\natvis\wil.natstepfilter" />
  </ItemGroup>
</Project>
